# THIS IS AN AUTOGENERATED FILE. DO NOT EDIT THIS FILE DIRECTLY.
# yarn lockfile v1


"@codama/cli@1.3.7":
  version "1.3.7"
  resolved "https://registry.yarnpkg.com/@codama/cli/-/cli-1.3.7.tgz#9c02d7d652ed9489ead75b3e7a9b62a495e63690"
  integrity sha512-6YhMVFgShlcQYDRG/2+iS+iaFOEZoBg91370hU62ypfioQRanDYAbM7JjVNeNrf3eP1mYoaAOnCgke7/F2YbIQ==
  dependencies:
    "@codama/nodes" "1.4.0"
    "@codama/visitors" "1.4.0"
    "@codama/visitors-core" "1.4.0"
    commander "^14.0.2"
    picocolors "^1.1.1"
    prompts "^2.4.2"

"@codama/errors@1.4.0", "@codama/errors@^1.3.7", "@codama/errors@^1.4.0":
  version "1.4.0"
  resolved "https://registry.yarnpkg.com/@codama/errors/-/errors-1.4.0.tgz#d26cde6598c9a615b6e66d25a5973f6cab9933a9"
  integrity sha512-w0WUrFJhIZUoYuyMTX1ls+qYaU6e3hrTzyeu/KS818wYY50HvdyLxLXhDAhHR/CF9MdNz6XyZpKAMOZDPmxqOw==
  dependencies:
    "@codama/node-types" "1.4.0"
    commander "^14.0.2"
    picocolors "^1.1.1"

"@codama/node-types@1.4.0":
  version "1.4.0"
  resolved "https://registry.yarnpkg.com/@codama/node-types/-/node-types-1.4.0.tgz#7270d189e85fd4d969920ca2c6042ff180a6f8d2"
  integrity sha512-h5yNdI6CmSWwjyVQ03b15faI6xC35ytqOzTQQ09uA6GUnsQyESce3nZGbrwGy9Gape12JfFdmsxziVtLB0Ldkg==

"@codama/nodes-from-anchor@^1.2.9":
  version "1.3.0"
  resolved "https://registry.yarnpkg.com/@codama/nodes-from-anchor/-/nodes-from-anchor-1.3.0.tgz#e0c46d6591d77d1f49567d423f069806cb47f0be"
  integrity sha512-CgHXC4cdhQGectfA3Me5nc1uBQF81p0Wu+ibuGuVDXdU55sbExUaGVkMLO1znnLvV5EutAoDzV1rhnDuhEyWcA==
  dependencies:
    "@codama/errors" "1.4.0"
    "@codama/nodes" "1.4.0"
    "@codama/visitors" "1.4.0"
    "@noble/hashes" "^2.0.1"
    "@solana/codecs" "^5.0.0"

"@codama/nodes@1.4.0", "@codama/nodes@^1.3.7", "@codama/nodes@^1.4.0":
  version "1.4.0"
  resolved "https://registry.yarnpkg.com/@codama/nodes/-/nodes-1.4.0.tgz#48474419e3048a3d53f4690c9d3c89aba5b78a70"
  integrity sha512-4v51bD/awhDqKzKjTOf84f4wzkLrs4WodU0HNT33BcsP+gcbC+z+HSHBqVaDofjHpbkP8YlMP+4SRqU8utff8A==
  dependencies:
    "@codama/errors" "1.4.0"
    "@codama/node-types" "1.4.0"

"@codama/renderers-core@^1.2.2", "@codama/renderers-core@^1.2.4":
  version "1.2.4"
  resolved "https://registry.yarnpkg.com/@codama/renderers-core/-/renderers-core-1.2.4.tgz#bbd7ee58760725d9f46d6d8a752bf7145b0f0451"
  integrity sha512-mimXkXWRaWB5Uk+pptXtAwD1jfRvY7dK/oCqpV+UW0lbZuRU/OqpRIhYk+opiwpEb9duB7pwPDzZdIuKJbIDvg==
  dependencies:
    "@codama/errors" "1.4.0"
    "@codama/nodes" "1.4.0"
    "@codama/visitors-core" "1.4.0"

"@codama/renderers-js@^1.4.2":
  version "1.5.0"
  resolved "https://registry.yarnpkg.com/@codama/renderers-js/-/renderers-js-1.5.0.tgz#56945931778b7f18f303e4e296c9d8543542ae5f"
  integrity sha512-6CndIT+/vb4L1dHE8/7Mx2G5uheqcS+DHZWwvJmlfxzu80iZg2zDNnGPTPukmcPRyeb6AQIxteuPu3yZRtEj7w==
  dependencies:
    "@codama/errors" "^1.4.0"
    "@codama/nodes" "^1.4.0"
    "@codama/renderers-core" "^1.2.4"
    "@codama/visitors-core" "^1.4.0"
    "@solana/codecs-strings" "^5.0.0"
    prettier "^3.6.2"

"@codama/renderers-rust@^1.2.6":
  version "1.2.7"
  resolved "https://registry.yarnpkg.com/@codama/renderers-rust/-/renderers-rust-1.2.7.tgz#6dfb14f8e0127a40023833757443bac528e768e0"
  integrity sha512-wD6JRfm4GZmY0vUhgHB1fTHIaCw3zrQ7PXl4Fv1hBNiX6hKor5vE72GkIztG/VCZkl1WWVJTNLRLho5oldN9LQ==
  dependencies:
    "@codama/errors" "^1.3.7"
    "@codama/nodes" "^1.3.7"
    "@codama/renderers-core" "^1.2.2"
    "@codama/visitors-core" "^1.3.7"
    "@solana/codecs-strings" "^3.0.3"
    nunjucks "^3.2.4"

"@codama/validators@1.4.0":
  version "1.4.0"
  resolved "https://registry.yarnpkg.com/@codama/validators/-/validators-1.4.0.tgz#9e603d8d6d3736a0b3255c53ac69b4163859336e"
  integrity sha512-zvUnGS0Q/uUG7rFWQMIeEjwhlPTg2+5xZ+mfHJWnsbJKPhiGMFwTm6/F9Plnl6rloTaHAZ/7X3qqvKG0xouxyA==
  dependencies:
    "@codama/errors" "1.4.0"
    "@codama/nodes" "1.4.0"
    "@codama/visitors-core" "1.4.0"

"@codama/visitors-core@1.4.0", "@codama/visitors-core@^1.3.7", "@codama/visitors-core@^1.4.0":
  version "1.4.0"
  resolved "https://registry.yarnpkg.com/@codama/visitors-core/-/visitors-core-1.4.0.tgz#16786a8ab2a585c285766905e9487b3b45dfe03a"
  integrity sha512-971xAqXuBbfGLB5DUNIB2X66MEWE+NF22blkNgoXgOCm1XfKr50MTkvF1nYiFxa4+09AS621rybppqQRmOqPsw==
  dependencies:
    "@codama/errors" "1.4.0"
    "@codama/nodes" "1.4.0"
    json-stable-stringify "^1.3.0"

"@codama/visitors@1.4.0":
  version "1.4.0"
  resolved "https://registry.yarnpkg.com/@codama/visitors/-/visitors-1.4.0.tgz#ae7a1d6e455c459381de728e8eb773ae57c252fe"
  integrity sha512-KM/dWSV7a/zet7blGtiyMQHIUmFmJDtbAFY9ISRmaSuCJ9RsfoF4RyjjKjY1ON5GVsG25bGUdXdnqXd1JTFM7g==
  dependencies:
    "@codama/errors" "1.4.0"
    "@codama/nodes" "1.4.0"
    "@codama/visitors-core" "1.4.0"

"@noble/hashes@^2.0.1":
  version "2.0.1"
  resolved "https://registry.yarnpkg.com/@noble/hashes/-/hashes-2.0.1.tgz#fc1a928061d1232b0a52bb754393c37a5216c89e"
  integrity sha512-XlOlEbQcE9fmuXxrVTXCTlG2nlRXa9Rj3rr5Ue/+tX+nmkgbX720YHh0VR3hBF9xDvwnb8D2shVGOwNx+ulArw==

"@solana/codecs-core@3.0.3":
  version "3.0.3"
  resolved "https://registry.yarnpkg.com/@solana/codecs-core/-/codecs-core-3.0.3.tgz#c85130c2afdc98a1508809dfe596f970cc6094bb"
  integrity sha512-emKykJ3h1DmnDOY29Uv9eJXP8E/FHzvlUBJ6te+5EbKdFjj7vdlKYPfDxOI6iGdXTY+YC/ELtbNBh6QwF2uEDQ==
  dependencies:
    "@solana/errors" "3.0.3"

"@solana/codecs-core@5.0.0":
  version "5.0.0"
  resolved "https://registry.yarnpkg.com/@solana/codecs-core/-/codecs-core-5.0.0.tgz#9e4d30f669ef1fd13816d543117663e3c35d424b"
  integrity sha512-rCG2d8OaamVF2/J//YyCgDqNJpUytVVltw9C8mJtEz5c6Se/LR6BFuG8g4xeJswq/ab4RFk5/HFdgbvNjKgQjA==
  dependencies:
    "@solana/errors" "5.0.0"

"@solana/codecs-data-structures@5.0.0":
  version "5.0.0"
  resolved "https://registry.yarnpkg.com/@solana/codecs-data-structures/-/codecs-data-structures-5.0.0.tgz#5b24448523883d719cdc62bb0bde1ab0a1cb04a6"
  integrity sha512-y503Pqmv0LHcfcf0vQJGaxDvydQJbyCo8nK3nxn56EhFj5lBQ1NWb3WvTd83epigwuZurW2MhJARrpikfhQglQ==
  dependencies:
    "@solana/codecs-core" "5.0.0"
    "@solana/codecs-numbers" "5.0.0"
    "@solana/errors" "5.0.0"

"@solana/codecs-numbers@3.0.3":
  version "3.0.3"
  resolved "https://registry.yarnpkg.com/@solana/codecs-numbers/-/codecs-numbers-3.0.3.tgz#d7f867e81754dbcc81d50a6073d37c1adc12634a"
  integrity sha512-pfXkH9J0glrM8qj6389GAn30+cJOxzXLR2FsPOHCUMXrqLhGjMMZAWhsQkpOQ37SGc/7EiQsT/gmyGC7gxHqJQ==
  dependencies:
    "@solana/codecs-core" "3.0.3"
    "@solana/errors" "3.0.3"

"@solana/codecs-numbers@5.0.0":
  version "5.0.0"
  resolved "https://registry.yarnpkg.com/@solana/codecs-numbers/-/codecs-numbers-5.0.0.tgz#355b617171613e67b0c900673dbb12cff5ef9e3f"
  integrity sha512-a2+skRLuUK02f/XFe4L0e1+wHCyfK25PkyseFps1v1l4pvevukFwth/EhSyrs6w5CsTJRVoR7MuE3E00PM4egw==
  dependencies:
    "@solana/codecs-core" "5.0.0"
    "@solana/errors" "5.0.0"

"@solana/codecs-strings@5.0.0", "@solana/codecs-strings@^5.0.0":
  version "5.0.0"
  resolved "https://registry.yarnpkg.com/@solana/codecs-strings/-/codecs-strings-5.0.0.tgz#01e13317bcc2e4df891903ad18baa1416a23efb3"
  integrity sha512-ALkRwpV8bGR6qjAYw0YXZwp2YI4wzvKOJGmx04Ut8gMdbaUx7qOcJkhEQKI6ZVC3lAWSIS1N1wGccUZDwvfKxw==
  dependencies:
    "@solana/codecs-core" "5.0.0"
    "@solana/codecs-numbers" "5.0.0"
    "@solana/errors" "5.0.0"

"@solana/codecs-strings@^3.0.3":
  version "3.0.3"
  resolved "https://registry.yarnpkg.com/@solana/codecs-strings/-/codecs-strings-3.0.3.tgz#2abe7a46a8721c28b71670a2dd97c41b17a94ec5"
  integrity sha512-VHBXnnTVtcQ1j+7Vrz+qSYo38no+jiHRdGnhFspRXEHNJbllzwKqgBE7YN3qoIXH+MKxgJUcwO5KHmdzf8Wn2A==
  dependencies:
    "@solana/codecs-core" "3.0.3"
    "@solana/codecs-numbers" "3.0.3"
    "@solana/errors" "3.0.3"

"@solana/codecs@^5.0.0":
  version "5.0.0"
  resolved "https://registry.yarnpkg.com/@solana/codecs/-/codecs-5.0.0.tgz#2c57ec595b0e7eb2507a7ad3b03acae7028840a1"
  integrity sha512-KOw0gFUSBxIMDWLJ3AkVFkEci91dw0Rpx3C6y83Our7fSW+SEP8vRZklCElieYR85LHVB1QIEhoeHR7rc+Ifkw==
  dependencies:
    "@solana/codecs-core" "5.0.0"
    "@solana/codecs-data-structures" "5.0.0"
    "@solana/codecs-numbers" "5.0.0"
    "@solana/codecs-strings" "5.0.0"
    "@solana/options" "5.0.0"

"@solana/errors@3.0.3":
  version "3.0.3"
  resolved "https://registry.yarnpkg.com/@solana/errors/-/errors-3.0.3.tgz#e3d4e78dbf7a792d34ed2492d9dee471968d516b"
  integrity sha512-1l84xJlHNva6io62PcYfUamwWlc0eM95nHgCrKX0g0cLoC6D6QHYPCEbEVkR+C5UtP9JDgyQM8MFiv+Ei5tO9Q==
  dependencies:
    chalk "5.6.2"
    commander "14.0.0"

"@solana/errors@5.0.0":
  version "5.0.0"
  resolved "https://registry.yarnpkg.com/@solana/errors/-/errors-5.0.0.tgz#1a5ec71346ef27ddeb04814663cb5b6df73f77ed"
  integrity sha512-gTuhzO6E+ydfAAzqmqdPcvFyJwAzFKKIrqtnZPpgAuomcPYu+HSo0tuwSM/cTX0djmHt+GoOsf/julph+nvs2w==
  dependencies:
    chalk "5.6.2"
    commander "14.0.1"

"@solana/options@5.0.0":
  version "5.0.0"
  resolved "https://registry.yarnpkg.com/@solana/options/-/options-5.0.0.tgz#ba8ccfb513a9c2b38be11278ccb0c54906645af4"
  integrity sha512-ezHVBFb9FXVSn8LUVRD2tLb6fejU0x8KtGEYyCYh0J0pQuXSITV0IQCjcEopvu/ZxWdXOJyzjvmymnhz90on5A==
  dependencies:
    "@solana/codecs-core" "5.0.0"
    "@solana/codecs-data-structures" "5.0.0"
    "@solana/codecs-numbers" "5.0.0"
    "@solana/codecs-strings" "5.0.0"
    "@solana/errors" "5.0.0"

a-sync-waterfall@^1.0.0:
  version "1.0.1"
  resolved "https://registry.yarnpkg.com/a-sync-waterfall/-/a-sync-waterfall-1.0.1.tgz#75b6b6aa72598b497a125e7a2770f14f4c8a1fa7"
  integrity sha512-RYTOHHdWipFUliRFMCS4X2Yn2X8M87V/OpSqWzKKOGhzqyUxzyVmhHDH9sAvG+ZuQf/TAOFsLCpMw09I1ufUnA==

asap@^2.0.3:
  version "2.0.6"
  resolved "https://registry.yarnpkg.com/asap/-/asap-2.0.6.tgz#e50347611d7e690943208bbdafebcbc2fb866d46"
  integrity sha512-BSHWgDSAiKs50o2Re8ppvp3seVHXSRM44cdSsT9FfNEUUZLOGWVCsiWaRPWM1Znn+mqZ1OfVZ3z3DWEzSp7hRA==

call-bind-apply-helpers@^1.0.0, call-bind-apply-helpers@^1.0.1, call-bind-apply-helpers@^1.0.2:
  version "1.0.2"
  resolved "https://registry.yarnpkg.com/call-bind-apply-helpers/-/call-bind-apply-helpers-1.0.2.tgz#4b5428c222be985d79c3d82657479dbe0b59b2d6"
  integrity sha512-Sp1ablJ0ivDkSzjcaJdxEunN5/XvksFJ2sMBFfq6x0ryhQV/2b/KwFe21cMpmHtPOSij8K99/wSfoEuTObmuMQ==
  dependencies:
    es-errors "^1.3.0"
    function-bind "^1.1.2"

call-bind@^1.0.8:
  version "1.0.8"
  resolved "https://registry.yarnpkg.com/call-bind/-/call-bind-1.0.8.tgz#0736a9660f537e3388826f440d5ec45f744eaa4c"
  integrity sha512-oKlSFMcMwpUg2ednkhQ454wfWiU/ul3CkJe/PEHcTKuiX6RpbehUiFMXu13HalGZxfUwCQzZG747YXBn1im9ww==
  dependencies:
    call-bind-apply-helpers "^1.0.0"
    es-define-property "^1.0.0"
    get-intrinsic "^1.2.4"
    set-function-length "^1.2.2"

call-bound@^1.0.4:
  version "1.0.4"
  resolved "https://registry.yarnpkg.com/call-bound/-/call-bound-1.0.4.tgz#238de935d2a2a692928c538c7ccfa91067fd062a"
  integrity sha512-+ys997U96po4Kx/ABpBCqhA9EuxJaQWDQg7295H4hBphv3IZg0boBKuwYpt4YXp6MZ5AmZQnU/tyMTlRpaSejg==
  dependencies:
    call-bind-apply-helpers "^1.0.2"
    get-intrinsic "^1.3.0"

chalk@5.6.2:
  version "5.6.2"
  resolved "https://registry.yarnpkg.com/chalk/-/chalk-5.6.2.tgz#b1238b6e23ea337af71c7f8a295db5af0c158aea"
  integrity sha512-7NzBL0rN6fMUW+f7A6Io4h40qQlG+xGmtMxfbnH/K7TAtt8JQWVQK+6g0UXKMeVJoyV5EkkNsErQ8pVD3bLHbA==

codama@^1.3.7:
  version "1.4.0"
  resolved "https://registry.yarnpkg.com/codama/-/codama-1.4.0.tgz#82df0705e651fcdc2c6fd34208ede9b58d8e01d3"
  integrity sha512-T4VQ5X1tONUDy+aa7noQeIxqiXuX4d9wJSAZgR0kPS03rl2LIF/pp9GgoeENevC/aX9xF7JJ8LH6Qu/Ogx6+aw==
  dependencies:
    "@codama/cli" "1.3.7"
    "@codama/errors" "1.4.0"
    "@codama/nodes" "1.4.0"
    "@codama/validators" "1.4.0"
    "@codama/visitors" "1.4.0"

commander@14.0.0:
  version "14.0.0"
  resolved "https://registry.yarnpkg.com/commander/-/commander-14.0.0.tgz#f244fc74a92343514e56229f16ef5c5e22ced5e9"
  integrity sha512-2uM9rYjPvyq39NwLRqaiLtWHyDC1FvryJDa2ATTVims5YAS4PupsEQsDvP14FqhFr0P49CYDugi59xaxJlTXRA==

commander@14.0.1:
  version "14.0.1"
  resolved "https://registry.yarnpkg.com/commander/-/commander-14.0.1.tgz#2f9225c19e6ebd0dc4404dd45821b2caa17ea09b"
  integrity sha512-2JkV3gUZUVrbNA+1sjBOYLsMZ5cEEl8GTFP2a4AVz5hvasAMCQ1D2l2le/cX+pV4N6ZU17zjUahLpIXRrnWL8A==

commander@^14.0.2:
  version "14.0.2"
  resolved "https://registry.yarnpkg.com/commander/-/commander-14.0.2.tgz#b71fd37fe4069e4c3c7c13925252ada4eba14e8e"
  integrity sha512-TywoWNNRbhoD0BXs1P3ZEScW8W5iKrnbithIl0YH+uCmBd0QpPOA8yc82DS3BIE5Ma6FnBVUsJ7wVUDz4dvOWQ==

commander@^5.1.0:
  version "5.1.0"
  resolved "https://registry.yarnpkg.com/commander/-/commander-5.1.0.tgz#46abbd1652f8e059bddaef99bbdcb2ad9cf179ae"
  integrity sha512-P0CysNDQ7rtVw4QIQtm+MRxV66vKFSvlsQvGYXZWR3qFU0jlMKHZZZgw8e+8DSah4UDKMqnknRDQz+xuQXQ/Zg==

define-data-property@^1.1.4:
  version "1.1.4"
  resolved "https://registry.yarnpkg.com/define-data-property/-/define-data-property-1.1.4.tgz#894dc141bb7d3060ae4366f6a0107e68fbe48c5e"
  integrity sha512-rBMvIzlpA8v6E+SJZoo++HAYqsLrkg7MSfIinMPFhmkorw7X+dOXVJQs+QT69zGkzMyfDnIMN2Wid1+NbL3T+A==
  dependencies:
    es-define-property "^1.0.0"
    es-errors "^1.3.0"
    gopd "^1.0.1"

dunder-proto@^1.0.1:
  version "1.0.1"
  resolved "https://registry.yarnpkg.com/dunder-proto/-/dunder-proto-1.0.1.tgz#d7ae667e1dc83482f8b70fd0f6eefc50da30f58a"
  integrity sha512-KIN/nDJBQRcXw0MLVhZE9iQHmG68qAVIBg9CqmUYjmQIhgij9U5MFvrqkUL5FbtyyzZuOeOt0zdeRe4UY7ct+A==
  dependencies:
    call-bind-apply-helpers "^1.0.1"
    es-errors "^1.3.0"
    gopd "^1.2.0"

es-define-property@^1.0.0, es-define-property@^1.0.1:
  version "1.0.1"
  resolved "https://registry.yarnpkg.com/es-define-property/-/es-define-property-1.0.1.tgz#983eb2f9a6724e9303f61addf011c72e09e0b0fa"
  integrity sha512-e3nRfgfUZ4rNGL232gUgX06QNyyez04KdjFrF+LTRoOXmrOgFKDg4BCdsjW8EnT69eqdYGmRpJwiPVYNrCaW3g==

es-errors@^1.3.0:
  version "1.3.0"
  resolved "https://registry.yarnpkg.com/es-errors/-/es-errors-1.3.0.tgz#05f75a25dab98e4fb1dcd5e1472c0546d5057c8f"
  integrity sha512-Zf5H2Kxt2xjTvbJvP2ZWLEICxA6j+hAmMzIlypy4xcBg1vKVnx89Wy0GbS+kf5cwCVFFzdCFh2XSCFNULS6csw==

es-object-atoms@^1.0.0, es-object-atoms@^1.1.1:
  version "1.1.1"
  resolved "https://registry.yarnpkg.com/es-object-atoms/-/es-object-atoms-1.1.1.tgz#1c4f2c4837327597ce69d2ca190a7fdd172338c1"
  integrity sha512-FGgH2h8zKNim9ljj7dankFPcICIK9Cp5bm+c2gQSYePhpaG5+esrLODihIorn+Pe6FGJzWhXQotPv73jTaldXA==
  dependencies:
    es-errors "^1.3.0"

function-bind@^1.1.2:
  version "1.1.2"
  resolved "https://registry.yarnpkg.com/function-bind/-/function-bind-1.1.2.tgz#2c02d864d97f3ea6c8830c464cbd11ab6eab7a1c"
  integrity sha512-7XHNxH7qX9xG5mIwxkhumTox/MIRNcOgDrxWsMt2pAr23WHp6MrRlN7FBSFpCpr+oVO0F744iUgR82nJMfG2SA==

get-intrinsic@^1.2.4, get-intrinsic@^1.3.0:
  version "1.3.0"
  resolved "https://registry.yarnpkg.com/get-intrinsic/-/get-intrinsic-1.3.0.tgz#743f0e3b6964a93a5491ed1bffaae054d7f98d01"
  integrity sha512-9fSjSaos/fRIVIp+xSJlE6lfwhES7LNtKaCBIamHsjr2na1BiABJPo0mOjjz8GJDURarmCPGqaiVg5mfjb98CQ==
  dependencies:
    call-bind-apply-helpers "^1.0.2"
    es-define-property "^1.0.1"
    es-errors "^1.3.0"
    es-object-atoms "^1.1.1"
    function-bind "^1.1.2"
    get-proto "^1.0.1"
    gopd "^1.2.0"
    has-symbols "^1.1.0"
    hasown "^2.0.2"
    math-intrinsics "^1.1.0"

get-proto@^1.0.1:
  version "1.0.1"
  resolved "https://registry.yarnpkg.com/get-proto/-/get-proto-1.0.1.tgz#150b3f2743869ef3e851ec0c49d15b1d14d00ee1"
  integrity sha512-sTSfBjoXBp89JvIKIefqw7U2CCebsc74kiY6awiGogKtoSGbgjYE/G/+l9sF3MWFPNc9IcoOC4ODfKHfxFmp0g==
  dependencies:
    dunder-proto "^1.0.1"
    es-object-atoms "^1.0.0"

gopd@^1.0.1, gopd@^1.2.0:
  version "1.2.0"
  resolved "https://registry.yarnpkg.com/gopd/-/gopd-1.2.0.tgz#89f56b8217bdbc8802bd299df6d7f1081d7e51a1"
  integrity sha512-ZUKRh6/kUFoAiTAtTYPZJ3hw9wNxx+BIBOijnlG9PnrJsCcSjs1wyyD6vJpaYtgnzDrKYRSqf3OO6Rfa93xsRg==

has-property-descriptors@^1.0.2:
  version "1.0.2"
  resolved "https://registry.yarnpkg.com/has-property-descriptors/-/has-property-descriptors-1.0.2.tgz#963ed7d071dc7bf5f084c5bfbe0d1b6222586854"
  integrity sha512-55JNKuIW+vq4Ke1BjOTjM2YctQIvCT7GFzHwmfZPGo5wnrgkid0YQtnAleFSqumZm4az3n2BS+erby5ipJdgrg==
  dependencies:
    es-define-property "^1.0.0"

has-symbols@^1.1.0:
  version "1.1.0"
  resolved "https://registry.yarnpkg.com/has-symbols/-/has-symbols-1.1.0.tgz#fc9c6a783a084951d0b971fe1018de813707a338"
  integrity sha512-1cDNdwJ2Jaohmb3sg4OmKaMBwuC48sYni5HUw2DvsC8LjGTLK9h+eb1X6RyuOHe4hT0ULCW68iomhjUoKUqlPQ==

hasown@^2.0.2:
  version "2.0.2"
  resolved "https://registry.yarnpkg.com/hasown/-/hasown-2.0.2.tgz#003eaf91be7adc372e84ec59dc37252cedb80003"
  integrity sha512-0hJU9SCPvmMzIBdZFqNPXWa6dqh7WdH0cII9y+CyS8rG3nL48Bclra9HmKhVVUHyPWNH5Y7xDwAB7bfgSjkUMQ==
  dependencies:
    function-bind "^1.1.2"

isarray@^2.0.5:
  version "2.0.5"
  resolved "https://registry.yarnpkg.com/isarray/-/isarray-2.0.5.tgz#8af1e4c1221244cc62459faf38940d4e644a5723"
  integrity sha512-xHjhDr3cNBK0BzdUJSPXZntQUx/mwMS5Rw4A7lPJ90XGAO6ISP/ePDNuo0vhqOZU+UD5JoodwCAAoZQd3FeAKw==

json-stable-stringify@^1.3.0:
  version "1.3.0"
  resolved "https://registry.yarnpkg.com/json-stable-stringify/-/json-stable-stringify-1.3.0.tgz#8903cfac42ea1a0f97f35d63a4ce0518f0cc6a70"
  integrity sha512-qtYiSSFlwot9XHtF9bD9c7rwKjr+RecWT//ZnPvSmEjpV5mmPOCN4j8UjY5hbjNkOwZ/jQv3J6R1/pL7RwgMsg==
  dependencies:
    call-bind "^1.0.8"
    call-bound "^1.0.4"
    isarray "^2.0.5"
    jsonify "^0.0.1"
    object-keys "^1.1.1"

jsonify@^0.0.1:
  version "0.0.1"
  resolved "https://registry.yarnpkg.com/jsonify/-/jsonify-0.0.1.tgz#2aa3111dae3d34a0f151c63f3a45d995d9420978"
  integrity sha512-2/Ki0GcmuqSrgFyelQq9M05y7PS0mEwuIzrf3f1fPqkVDVRvZrPZtVSMHxdgo8Aq0sxAOb/cr2aqqA3LeWHVPg==

kleur@^3.0.3:
  version "3.0.3"
  resolved "https://registry.yarnpkg.com/kleur/-/kleur-3.0.3.tgz#a79c9ecc86ee1ce3fa6206d1216c501f147fc07e"
  integrity sha512-eTIzlVOSUR+JxdDFepEYcBMtZ9Qqdef+rnzWdRZuMbOywu5tO2w2N7rqjoANZ5k9vywhL6Br1VRjUIgTQx4E8w==

math-intrinsics@^1.1.0:
  version "1.1.0"
  resolved "https://registry.yarnpkg.com/math-intrinsics/-/math-intrinsics-1.1.0.tgz#a0dd74be81e2aa5c2f27e65ce283605ee4e2b7f9"
  integrity sha512-/IXtbwEk5HTPyEwyKX6hGkYXxM9nbj64B+ilVJnC/R6B0pH5G4V3b0pVbL7DBj4tkhBAppbQUlf6F6Xl9LHu1g==

nunjucks@^3.2.4:
  version "3.2.4"
  resolved "https://registry.yarnpkg.com/nunjucks/-/nunjucks-3.2.4.tgz#f0878eef528ce7b0aa35d67cc6898635fd74649e"
  integrity sha512-26XRV6BhkgK0VOxfbU5cQI+ICFUtMLixv1noZn1tGU38kQH5A5nmmbk/O45xdyBhD1esk47nKrY0mvQpZIhRjQ==
  dependencies:
    a-sync-waterfall "^1.0.0"
    asap "^2.0.3"
    commander "^5.1.0"

object-keys@^1.1.1:
  version "1.1.1"
  resolved "https://registry.yarnpkg.com/object-keys/-/object-keys-1.1.1.tgz#1c47f272df277f3b1daf061677d9c82e2322c60e"
  integrity sha512-NuAESUOUMrlIXOfHKzD6bpPu3tYt3xvjNdRIQ+FeT0lNb4K8WR70CaDxhuNguS2XG+GjkyMwOzsN5ZktImfhLA==

picocolors@^1.1.1:
  version "1.1.1"
  resolved "https://registry.yarnpkg.com/picocolors/-/picocolors-1.1.1.tgz#3d321af3eab939b083c8f929a1d12cda81c26b6b"
  integrity sha512-xceH2snhtb5M9liqDsmEw56le376mTZkEX/jEb/RxNFyegNul7eNslCXP9FDj/Lcu0X8KEyMceP2ntpaHrDEVA==

prettier@^3.6.2:
  version "3.6.2"
  resolved "https://registry.yarnpkg.com/prettier/-/prettier-3.6.2.tgz#ccda02a1003ebbb2bfda6f83a074978f608b9393"
  integrity sha512-I7AIg5boAr5R0FFtJ6rCfD+LFsWHp81dolrFD8S79U9tb8Az2nGrJncnMSnys+bpQJfRUzqs9hnA81OAA3hCuQ==

prompts@^2.4.2:
  version "2.4.2"
  resolved "https://registry.yarnpkg.com/prompts/-/prompts-2.4.2.tgz#7b57e73b3a48029ad10ebd44f74b01722a4cb069"
  integrity sha512-NxNv/kLguCA7p3jE8oL2aEBsrJWgAakBpgmgK6lpPWV+WuOmY6r2/zbAVnP+T8bQlA0nzHXSJSJW0Hq7ylaD2Q==
  dependencies:
    kleur "^3.0.3"
    sisteransi "^1.0.5"

set-function-length@^1.2.2:
  version "1.2.2"
  resolved "https://registry.yarnpkg.com/set-function-length/-/set-function-length-1.2.2.tgz#aac72314198eaed975cf77b2c3b6b880695e5449"
  integrity sha512-pgRc4hJ4/sNjWCSS9AmnS40x3bNMDTknHgL5UaMBTMyJnU90EgWh1Rz+MC9eFu4BuN/UwZjKQuY/1v3rM7HMfg==
  dependencies:
    define-data-property "^1.1.4"
    es-errors "^1.3.0"
    function-bind "^1.1.2"
    get-intrinsic "^1.2.4"
    gopd "^1.0.1"
    has-property-descriptors "^1.0.2"

sisteransi@^1.0.5:
  version "1.0.5"
  resolved "https://registry.yarnpkg.com/sisteransi/-/sisteransi-1.0.5.tgz#134d681297756437cc05ca01370d3a7a571075ed"
  integrity sha512-bLGGlR1QxBcynn2d5YmDX4MGjlZvy2MRBDRNHLJ8VI6l6+9FUiyTFNJ0IveOSP0bcXgVDPRcfGqA0pjaqUpfVg==
