# THIS IS AN AUTOGENERATED FILE. DO NOT EDIT THIS FILE DIRECTLY.
# yarn lockfile v1


"@solana/accounts@3.0.3":
  version "3.0.3"
  resolved "https://registry.yarnpkg.com/@solana/accounts/-/accounts-3.0.3.tgz#29207bbcac3cf6a7afefcb87559edc3de1938595"
  integrity sha512-KqlePrlZaHXfu8YQTCxN204ZuVm9o68CCcUr6l27MG2cuRUtEM1Ta0iR8JFkRUAEfZJC4Cu0ZDjK/v49loXjZQ==
  dependencies:
    "@solana/addresses" "3.0.3"
    "@solana/codecs-core" "3.0.3"
    "@solana/codecs-strings" "3.0.3"
    "@solana/errors" "3.0.3"
    "@solana/rpc-spec" "3.0.3"
    "@solana/rpc-types" "3.0.3"

"@solana/addresses@3.0.3":
  version "3.0.3"
  resolved "https://registry.yarnpkg.com/@solana/addresses/-/addresses-3.0.3.tgz#cb21eda40984e587619677e19d9be02affdee962"
  integrity sha512-AuMwKhJI89ANqiuJ/fawcwxNKkSeHH9CApZd2xelQQLS7X8uxAOovpcmEgiObQuiVP944s9ScGUT62Bdul9qYg==
  dependencies:
    "@solana/assertions" "3.0.3"
    "@solana/codecs-core" "3.0.3"
    "@solana/codecs-strings" "3.0.3"
    "@solana/errors" "3.0.3"
    "@solana/nominal-types" "3.0.3"

"@solana/assertions@3.0.3":
  version "3.0.3"
  resolved "https://registry.yarnpkg.com/@solana/assertions/-/assertions-3.0.3.tgz#dcb17d20071283161ce06bb251bd22c4ae672078"
  integrity sha512-2qspxdbWp2y62dfCIlqeWQr4g+hE8FYSSwcaP6itwMwGRb8393yDGCJfI/znuzJh6m/XVWhMHIgFgsBwnevCmg==
  dependencies:
    "@solana/errors" "3.0.3"

"@solana/codecs-core@3.0.3":
  version "3.0.3"
  resolved "https://registry.yarnpkg.com/@solana/codecs-core/-/codecs-core-3.0.3.tgz#c85130c2afdc98a1508809dfe596f970cc6094bb"
  integrity sha512-emKykJ3h1DmnDOY29Uv9eJXP8E/FHzvlUBJ6te+5EbKdFjj7vdlKYPfDxOI6iGdXTY+YC/ELtbNBh6QwF2uEDQ==
  dependencies:
    "@solana/errors" "3.0.3"

"@solana/codecs-data-structures@3.0.3":
  version "3.0.3"
  resolved "https://registry.yarnpkg.com/@solana/codecs-data-structures/-/codecs-data-structures-3.0.3.tgz#3379a7578f26539994cdc58d65b2bffb54fe3ecb"
  integrity sha512-R15cLp8riJvToXziW8lP6AMSwsztGhEnwgyGmll32Mo0Yjq+hduW2/fJrA/TJs6tA/OgTzMQjlxgk009EqZHCw==
  dependencies:
    "@solana/codecs-core" "3.0.3"
    "@solana/codecs-numbers" "3.0.3"
    "@solana/errors" "3.0.3"

"@solana/codecs-numbers@3.0.3":
  version "3.0.3"
  resolved "https://registry.yarnpkg.com/@solana/codecs-numbers/-/codecs-numbers-3.0.3.tgz#d7f867e81754dbcc81d50a6073d37c1adc12634a"
  integrity sha512-pfXkH9J0glrM8qj6389GAn30+cJOxzXLR2FsPOHCUMXrqLhGjMMZAWhsQkpOQ37SGc/7EiQsT/gmyGC7gxHqJQ==
  dependencies:
    "@solana/codecs-core" "3.0.3"
    "@solana/errors" "3.0.3"

"@solana/codecs-strings@3.0.3":
  version "3.0.3"
  resolved "https://registry.yarnpkg.com/@solana/codecs-strings/-/codecs-strings-3.0.3.tgz#2abe7a46a8721c28b71670a2dd97c41b17a94ec5"
  integrity sha512-VHBXnnTVtcQ1j+7Vrz+qSYo38no+jiHRdGnhFspRXEHNJbllzwKqgBE7YN3qoIXH+MKxgJUcwO5KHmdzf8Wn2A==
  dependencies:
    "@solana/codecs-core" "3.0.3"
    "@solana/codecs-numbers" "3.0.3"
    "@solana/errors" "3.0.3"

"@solana/codecs@3.0.3":
  version "3.0.3"
  resolved "https://registry.yarnpkg.com/@solana/codecs/-/codecs-3.0.3.tgz#1d417dca4f3d0d3a51d27c822e7b23778cbc7450"
  integrity sha512-GOHwTlIQsCoJx9Ryr6cEf0FHKAQ7pY4aO4xgncAftrv0lveTQ1rPP2inQ1QT0gJllsIa8nwbfXAADs9nNJxQDA==
  dependencies:
    "@solana/codecs-core" "3.0.3"
    "@solana/codecs-data-structures" "3.0.3"
    "@solana/codecs-numbers" "3.0.3"
    "@solana/codecs-strings" "3.0.3"
    "@solana/options" "3.0.3"

"@solana/errors@3.0.3":
  version "3.0.3"
  resolved "https://registry.yarnpkg.com/@solana/errors/-/errors-3.0.3.tgz#e3d4e78dbf7a792d34ed2492d9dee471968d516b"
  integrity sha512-1l84xJlHNva6io62PcYfUamwWlc0eM95nHgCrKX0g0cLoC6D6QHYPCEbEVkR+C5UtP9JDgyQM8MFiv+Ei5tO9Q==
  dependencies:
    chalk "5.6.2"
    commander "14.0.0"

"@solana/fast-stable-stringify@3.0.3":
  version "3.0.3"
  resolved "https://registry.yarnpkg.com/@solana/fast-stable-stringify/-/fast-stable-stringify-3.0.3.tgz#cc0e003600e9afd109ac8d19a2fe8aaaf1adbaa0"
  integrity sha512-ED0pxB6lSEYvg+vOd5hcuQrgzEDnOrURFgp1ZOY+lQhJkQU6xo+P829NcJZQVP1rdU2/YQPAKJKEseyfe9VMIw==

"@solana/functional@3.0.3":
  version "3.0.3"
  resolved "https://registry.yarnpkg.com/@solana/functional/-/functional-3.0.3.tgz#3b5b1f06fa2e0b388e973c4bd3081c6fd227f99a"
  integrity sha512-2qX1kKANn8995vOOh5S9AmF4ItGZcfbny0w28Eqy8AFh+GMnSDN4gqpmV2LvxBI9HibXZptGH3RVOMk82h1Mpw==

"@solana/instruction-plans@3.0.3":
  version "3.0.3"
  resolved "https://registry.yarnpkg.com/@solana/instruction-plans/-/instruction-plans-3.0.3.tgz#8449477b2126f00bb4e6bfab5f06b3d5810abd5e"
  integrity sha512-eqoaPtWtmLTTpdvbt4BZF5H6FIlJtXi9H7qLOM1dLYonkOX2Ncezx5NDCZ9tMb2qxVMF4IocYsQnNSnMfjQF1w==
  dependencies:
    "@solana/errors" "3.0.3"
    "@solana/instructions" "3.0.3"
    "@solana/promises" "3.0.3"
    "@solana/transaction-messages" "3.0.3"
    "@solana/transactions" "3.0.3"

"@solana/instructions@3.0.3":
  version "3.0.3"
  resolved "https://registry.yarnpkg.com/@solana/instructions/-/instructions-3.0.3.tgz#a10663974a805c3bcf134c9e50c1583f34372afb"
  integrity sha512-4csIi8YUDb5j/J+gDzmYtOvq7ZWLbCxj4t0xKn+fPrBk/FD2pK29KVT3Fu7j4Lh1/ojunQUP9X4NHwUexY3PnA==
  dependencies:
    "@solana/codecs-core" "3.0.3"
    "@solana/errors" "3.0.3"

"@solana/keys@3.0.3":
  version "3.0.3"
  resolved "https://registry.yarnpkg.com/@solana/keys/-/keys-3.0.3.tgz#d20619c0c80852f4c4c5056b5e775a84f333fbe3"
  integrity sha512-tp8oK9tMadtSIc4vF4aXXWkPd4oU5XPW8nf28NgrGDWGt25fUHIydKjkf2hPtMt9i1WfRyQZ33B5P3dnsNqcPQ==
  dependencies:
    "@solana/assertions" "3.0.3"
    "@solana/codecs-core" "3.0.3"
    "@solana/codecs-strings" "3.0.3"
    "@solana/errors" "3.0.3"
    "@solana/nominal-types" "3.0.3"

"@solana/kit@^3.0.3":
  version "3.0.3"
  resolved "https://registry.yarnpkg.com/@solana/kit/-/kit-3.0.3.tgz#bf4388c81572a9846bf1f351495530ee9bd5e74c"
  integrity sha512-CEEhCDmkvztd1zbgADsEQhmj9GyWOOGeW1hZD+gtwbBSF5YN1uofS/pex5MIh/VIqKRj+A2UnYWI1V+9+q/lyQ==
  dependencies:
    "@solana/accounts" "3.0.3"
    "@solana/addresses" "3.0.3"
    "@solana/codecs" "3.0.3"
    "@solana/errors" "3.0.3"
    "@solana/functional" "3.0.3"
    "@solana/instruction-plans" "3.0.3"
    "@solana/instructions" "3.0.3"
    "@solana/keys" "3.0.3"
    "@solana/programs" "3.0.3"
    "@solana/rpc" "3.0.3"
    "@solana/rpc-parsed-types" "3.0.3"
    "@solana/rpc-spec-types" "3.0.3"
    "@solana/rpc-subscriptions" "3.0.3"
    "@solana/rpc-types" "3.0.3"
    "@solana/signers" "3.0.3"
    "@solana/sysvars" "3.0.3"
    "@solana/transaction-confirmation" "3.0.3"
    "@solana/transaction-messages" "3.0.3"
    "@solana/transactions" "3.0.3"

"@solana/nominal-types@3.0.3":
  version "3.0.3"
  resolved "https://registry.yarnpkg.com/@solana/nominal-types/-/nominal-types-3.0.3.tgz#e1aca188051e107d6f0433f58a00f79ef74183ee"
  integrity sha512-aZavCiexeUAoMHRQg4s1AHkH3wscbOb70diyfjhwZVgFz1uUsFez7csPp9tNFkNolnadVb2gky7yBk3IImQJ6A==

"@solana/options@3.0.3":
  version "3.0.3"
  resolved "https://registry.yarnpkg.com/@solana/options/-/options-3.0.3.tgz#c15537ac4fbef4560880166885c28274baade402"
  integrity sha512-jarsmnQ63RN0JPC5j9sgUat07NrL9PC71XU7pUItd6LOHtu4+wJMio3l5mT0DHVfkfbFLL6iI6+QmXSVhTNF3g==
  dependencies:
    "@solana/codecs-core" "3.0.3"
    "@solana/codecs-data-structures" "3.0.3"
    "@solana/codecs-numbers" "3.0.3"
    "@solana/codecs-strings" "3.0.3"
    "@solana/errors" "3.0.3"

"@solana/programs@3.0.3":
  version "3.0.3"
  resolved "https://registry.yarnpkg.com/@solana/programs/-/programs-3.0.3.tgz#1ea8a32e472745cb5cca08fb3322acb5caa2cc7a"
  integrity sha512-JZlVE3/AeSNDuH3aEzCZoDu8GTXkMpGXxf93zXLzbxfxhiQ/kHrReN4XE/JWZ/uGWbaFZGR5B3UtdN2QsoZL7w==
  dependencies:
    "@solana/addresses" "3.0.3"
    "@solana/errors" "3.0.3"

"@solana/promises@3.0.3":
  version "3.0.3"
  resolved "https://registry.yarnpkg.com/@solana/promises/-/promises-3.0.3.tgz#7dbcee96d5b8ef9fb5d98162d7bf6b40de537b5b"
  integrity sha512-K+UflGBVxj30XQMHTylHHZJdKH5QG3oj5k2s42GrZ/Wbu72oapVJySMBgpK45+p90t8/LEqV6rRPyTXlet9J+Q==

"@solana/rpc-api@3.0.3":
  version "3.0.3"
  resolved "https://registry.yarnpkg.com/@solana/rpc-api/-/rpc-api-3.0.3.tgz#e841a758a173f1c933dbc64652a803d010fc07ae"
  integrity sha512-Yym9/Ama62OY69rAZgbOCAy1QlqaWAyb0VlqFuwSaZV1pkFCCFSwWEJEsiN1n8pb2ZP+RtwNvmYixvWizx9yvA==
  dependencies:
    "@solana/addresses" "3.0.3"
    "@solana/codecs-core" "3.0.3"
    "@solana/codecs-strings" "3.0.3"
    "@solana/errors" "3.0.3"
    "@solana/keys" "3.0.3"
    "@solana/rpc-parsed-types" "3.0.3"
    "@solana/rpc-spec" "3.0.3"
    "@solana/rpc-transformers" "3.0.3"
    "@solana/rpc-types" "3.0.3"
    "@solana/transaction-messages" "3.0.3"
    "@solana/transactions" "3.0.3"

"@solana/rpc-parsed-types@3.0.3":
  version "3.0.3"
  resolved "https://registry.yarnpkg.com/@solana/rpc-parsed-types/-/rpc-parsed-types-3.0.3.tgz#a54758a39e47d88e4dfd2d19be97d1f8b8961f1a"
  integrity sha512-/koM05IM2fU91kYDQxXil3VBNlOfcP+gXE0js1sdGz8KonGuLsF61CiKB5xt6u1KEXhRyDdXYLjf63JarL4Ozg==

"@solana/rpc-spec-types@3.0.3":
  version "3.0.3"
  resolved "https://registry.yarnpkg.com/@solana/rpc-spec-types/-/rpc-spec-types-3.0.3.tgz#9aba0e54f2659f3d0ece1c006235f58522feae46"
  integrity sha512-A6Jt8SRRetnN3CeGAvGJxigA9zYRslGgWcSjueAZGvPX+MesFxEUjSWZCfl+FogVFvwkqfkgQZQbPAGZQFJQ6Q==

"@solana/rpc-spec@3.0.3":
  version "3.0.3"
  resolved "https://registry.yarnpkg.com/@solana/rpc-spec/-/rpc-spec-3.0.3.tgz#daf1d0b2ee9488bda19d8fc841e2fc8dbcf99572"
  integrity sha512-MZn5/8BebB6MQ4Gstw6zyfWsFAZYAyLzMK+AUf/rSfT8tPmWiJ/mcxnxqOXvFup/l6D67U8pyGpIoFqwCeZqqA==
  dependencies:
    "@solana/errors" "3.0.3"
    "@solana/rpc-spec-types" "3.0.3"

"@solana/rpc-subscriptions-api@3.0.3":
  version "3.0.3"
  resolved "https://registry.yarnpkg.com/@solana/rpc-subscriptions-api/-/rpc-subscriptions-api-3.0.3.tgz#4fb02f5530919c20166fce7e484926df8758bb43"
  integrity sha512-MGgVK3PUS15qsjuhimpzGZrKD/CTTvS0mAlQ0Jw84zsr1RJVdQJK/F0igu07BVd172eTZL8d90NoAQ3dahW5pA==
  dependencies:
    "@solana/addresses" "3.0.3"
    "@solana/keys" "3.0.3"
    "@solana/rpc-subscriptions-spec" "3.0.3"
    "@solana/rpc-transformers" "3.0.3"
    "@solana/rpc-types" "3.0.3"
    "@solana/transaction-messages" "3.0.3"
    "@solana/transactions" "3.0.3"

"@solana/rpc-subscriptions-channel-websocket@3.0.3":
  version "3.0.3"
  resolved "https://registry.yarnpkg.com/@solana/rpc-subscriptions-channel-websocket/-/rpc-subscriptions-channel-websocket-3.0.3.tgz#fed30fa028a7b06aeeb484f2be1dba0613042712"
  integrity sha512-zUzUlb8Cwnw+SHlsLrSqyBRtOJKGc+FvSNJo/vWAkLShoV0wUDMPv7VvhTngJx3B/3ANfrOZ4i08i9QfYPAvpQ==
  dependencies:
    "@solana/errors" "3.0.3"
    "@solana/functional" "3.0.3"
    "@solana/rpc-subscriptions-spec" "3.0.3"
    "@solana/subscribable" "3.0.3"

"@solana/rpc-subscriptions-spec@3.0.3":
  version "3.0.3"
  resolved "https://registry.yarnpkg.com/@solana/rpc-subscriptions-spec/-/rpc-subscriptions-spec-3.0.3.tgz#5b2c4987c64cdc9e84972f186edb2703000b131f"
  integrity sha512-9KpQ32OBJWS85mn6q3gkM0AjQe1LKYlMU7gpJRrla/lvXxNLhI95tz5K6StctpUreVmRWTVkNamHE69uUQyY8A==
  dependencies:
    "@solana/errors" "3.0.3"
    "@solana/promises" "3.0.3"
    "@solana/rpc-spec-types" "3.0.3"
    "@solana/subscribable" "3.0.3"

"@solana/rpc-subscriptions@3.0.3":
  version "3.0.3"
  resolved "https://registry.yarnpkg.com/@solana/rpc-subscriptions/-/rpc-subscriptions-3.0.3.tgz#cc4ed7d052d2e31e4f641b4827c052c54454198b"
  integrity sha512-LRvz6NaqvtsYFd32KwZ+rwYQ9XCs+DWjV8BvBLsJpt9/NWSuHf/7Sy/vvP6qtKxut692H/TMvHnC4iulg0WmiQ==
  dependencies:
    "@solana/errors" "3.0.3"
    "@solana/fast-stable-stringify" "3.0.3"
    "@solana/functional" "3.0.3"
    "@solana/promises" "3.0.3"
    "@solana/rpc-spec-types" "3.0.3"
    "@solana/rpc-subscriptions-api" "3.0.3"
    "@solana/rpc-subscriptions-channel-websocket" "3.0.3"
    "@solana/rpc-subscriptions-spec" "3.0.3"
    "@solana/rpc-transformers" "3.0.3"
    "@solana/rpc-types" "3.0.3"
    "@solana/subscribable" "3.0.3"

"@solana/rpc-transformers@3.0.3":
  version "3.0.3"
  resolved "https://registry.yarnpkg.com/@solana/rpc-transformers/-/rpc-transformers-3.0.3.tgz#a895728d4c9bfde7f95e010afc98c7bee4ede484"
  integrity sha512-lzdaZM/dG3s19Tsk4mkJA5JBoS1eX9DnD7z62gkDwrwJDkDBzkAJT9aLcsYFfTmwTfIp6uU2UPgGYc97i1wezw==
  dependencies:
    "@solana/errors" "3.0.3"
    "@solana/functional" "3.0.3"
    "@solana/nominal-types" "3.0.3"
    "@solana/rpc-spec-types" "3.0.3"
    "@solana/rpc-types" "3.0.3"

"@solana/rpc-transport-http@3.0.3":
  version "3.0.3"
  resolved "https://registry.yarnpkg.com/@solana/rpc-transport-http/-/rpc-transport-http-3.0.3.tgz#b8a2d35b996fb134e1466bec28e539efcd04f4ee"
  integrity sha512-bIXFwr2LR5A97Z46dI661MJPbHnPfcShBjFzOS/8Rnr8P4ho3j/9EUtjDrsqoxGJT3SLWj5OlyXAlaDAvVTOUQ==
  dependencies:
    "@solana/errors" "3.0.3"
    "@solana/rpc-spec" "3.0.3"
    "@solana/rpc-spec-types" "3.0.3"
    undici-types "^7.15.0"

"@solana/rpc-types@3.0.3":
  version "3.0.3"
  resolved "https://registry.yarnpkg.com/@solana/rpc-types/-/rpc-types-3.0.3.tgz#30d310f750706742ae3987db4eaed6651752a5e1"
  integrity sha512-petWQ5xSny9UfmC3Qp2owyhNU0w9SyBww4+v7tSVyXMcCC9v6j/XsqTeimH1S0qQUllnv0/FY83ohFaxofmZ6Q==
  dependencies:
    "@solana/addresses" "3.0.3"
    "@solana/codecs-core" "3.0.3"
    "@solana/codecs-numbers" "3.0.3"
    "@solana/codecs-strings" "3.0.3"
    "@solana/errors" "3.0.3"
    "@solana/nominal-types" "3.0.3"

"@solana/rpc@3.0.3":
  version "3.0.3"
  resolved "https://registry.yarnpkg.com/@solana/rpc/-/rpc-3.0.3.tgz#f9d00d4983721860d3a03d3eb6229c2819a4c84a"
  integrity sha512-3oukAaLK78GegkKcm6iNmRnO4mFeNz+BMvA8T56oizoBNKiRVEq/6DFzVX/LkmZ+wvD601pAB3uCdrTPcC0YKQ==
  dependencies:
    "@solana/errors" "3.0.3"
    "@solana/fast-stable-stringify" "3.0.3"
    "@solana/functional" "3.0.3"
    "@solana/rpc-api" "3.0.3"
    "@solana/rpc-spec" "3.0.3"
    "@solana/rpc-spec-types" "3.0.3"
    "@solana/rpc-transformers" "3.0.3"
    "@solana/rpc-transport-http" "3.0.3"
    "@solana/rpc-types" "3.0.3"

"@solana/signers@3.0.3":
  version "3.0.3"
  resolved "https://registry.yarnpkg.com/@solana/signers/-/signers-3.0.3.tgz#1a1e71979c2818991309030a3d723426c521103f"
  integrity sha512-UwCd/uPYTZiwd283JKVyOWLLN5sIgMBqGDyUmNU3vo9hcmXKv5ZGm/9TvwMY2z35sXWuIOcj7etxJ8OoWc/ObQ==
  dependencies:
    "@solana/addresses" "3.0.3"
    "@solana/codecs-core" "3.0.3"
    "@solana/errors" "3.0.3"
    "@solana/instructions" "3.0.3"
    "@solana/keys" "3.0.3"
    "@solana/nominal-types" "3.0.3"
    "@solana/transaction-messages" "3.0.3"
    "@solana/transactions" "3.0.3"

"@solana/subscribable@3.0.3":
  version "3.0.3"
  resolved "https://registry.yarnpkg.com/@solana/subscribable/-/subscribable-3.0.3.tgz#f162810d5c12746e1bf1c1fe52bbabed48a39a19"
  integrity sha512-FJ27LKGHLQ5GGttPvTOLQDLrrOZEgvaJhB7yYaHAhPk25+p+erBaQpjePhfkMyUbL1FQbxn1SUJmS6jUuaPjlQ==
  dependencies:
    "@solana/errors" "3.0.3"

"@solana/sysvars@3.0.3":
  version "3.0.3"
  resolved "https://registry.yarnpkg.com/@solana/sysvars/-/sysvars-3.0.3.tgz#8e22907b4280f21675cbbcb48f6777d365f31e31"
  integrity sha512-GnHew+QeKCs2f9ow+20swEJMH4mDfJA/QhtPgOPTYQx/z69J4IieYJ7fZenSHnA//lJ45fVdNdmy1trypvPLBQ==
  dependencies:
    "@solana/accounts" "3.0.3"
    "@solana/codecs" "3.0.3"
    "@solana/errors" "3.0.3"
    "@solana/rpc-types" "3.0.3"

"@solana/transaction-confirmation@3.0.3":
  version "3.0.3"
  resolved "https://registry.yarnpkg.com/@solana/transaction-confirmation/-/transaction-confirmation-3.0.3.tgz#92bac44c6e847fa4f1368a43957d3f01f4df8e44"
  integrity sha512-dXx0OLtR95LMuARgi2dDQlL1QYmk56DOou5q9wKymmeV3JTvfDExeWXnOgjRBBq/dEfj4ugN1aZuTaS18UirFw==
  dependencies:
    "@solana/addresses" "3.0.3"
    "@solana/codecs-strings" "3.0.3"
    "@solana/errors" "3.0.3"
    "@solana/keys" "3.0.3"
    "@solana/promises" "3.0.3"
    "@solana/rpc" "3.0.3"
    "@solana/rpc-subscriptions" "3.0.3"
    "@solana/rpc-types" "3.0.3"
    "@solana/transaction-messages" "3.0.3"
    "@solana/transactions" "3.0.3"

"@solana/transaction-messages@3.0.3":
  version "3.0.3"
  resolved "https://registry.yarnpkg.com/@solana/transaction-messages/-/transaction-messages-3.0.3.tgz#1f7f5a522060f1071eaa0ec8f75f9e3c53025438"
  integrity sha512-s+6NWRnBhnnjFWV4x2tzBzoWa6e5LiIxIvJlWwVQBFkc8fMGY04w7jkFh0PM08t/QFKeXBEWkyBDa/TFYdkWug==
  dependencies:
    "@solana/addresses" "3.0.3"
    "@solana/codecs-core" "3.0.3"
    "@solana/codecs-data-structures" "3.0.3"
    "@solana/codecs-numbers" "3.0.3"
    "@solana/errors" "3.0.3"
    "@solana/functional" "3.0.3"
    "@solana/instructions" "3.0.3"
    "@solana/nominal-types" "3.0.3"
    "@solana/rpc-types" "3.0.3"

"@solana/transactions@3.0.3":
  version "3.0.3"
  resolved "https://registry.yarnpkg.com/@solana/transactions/-/transactions-3.0.3.tgz#15ddc1136eade63d2c3b17c956d2f87e289269bb"
  integrity sha512-iMX+n9j4ON7H1nKlWEbMqMOpKYC6yVGxKKmWHT1KdLRG7v+03I4DnDeFoI+Zmw56FA+7Bbne8jwwX60Q1vk/MQ==
  dependencies:
    "@solana/addresses" "3.0.3"
    "@solana/codecs-core" "3.0.3"
    "@solana/codecs-data-structures" "3.0.3"
    "@solana/codecs-numbers" "3.0.3"
    "@solana/codecs-strings" "3.0.3"
    "@solana/errors" "3.0.3"
    "@solana/functional" "3.0.3"
    "@solana/instructions" "3.0.3"
    "@solana/keys" "3.0.3"
    "@solana/nominal-types" "3.0.3"
    "@solana/rpc-types" "3.0.3"
    "@solana/transaction-messages" "3.0.3"

chalk@5.6.2:
  version "5.6.2"
  resolved "https://registry.yarnpkg.com/chalk/-/chalk-5.6.2.tgz#b1238b6e23ea337af71c7f8a295db5af0c158aea"
  integrity sha512-7NzBL0rN6fMUW+f7A6Io4h40qQlG+xGmtMxfbnH/K7TAtt8JQWVQK+6g0UXKMeVJoyV5EkkNsErQ8pVD3bLHbA==

commander@14.0.0:
  version "14.0.0"
  resolved "https://registry.yarnpkg.com/commander/-/commander-14.0.0.tgz#f244fc74a92343514e56229f16ef5c5e22ced5e9"
  integrity sha512-2uM9rYjPvyq39NwLRqaiLtWHyDC1FvryJDa2ATTVims5YAS4PupsEQsDvP14FqhFr0P49CYDugi59xaxJlTXRA==

typescript@^5.9.2:
  version "5.9.2"
  resolved "https://registry.yarnpkg.com/typescript/-/typescript-5.9.2.tgz#d93450cddec5154a2d5cabe3b8102b83316fb2a6"
  integrity sha512-CWBzXQrc/qOkhidw1OzBTQuYRbfyxDXJMVJ1XNwUHGROVmuaeiEm3OslpZ1RV96d7SKKjZKrSJu3+t/xlw3R9A==

undici-types@^7.15.0:
  version "7.16.0"
  resolved "https://registry.yarnpkg.com/undici-types/-/undici-types-7.16.0.tgz#ffccdff36aea4884cbfce9a750a0580224f58a46"
  integrity sha512-Zz+aZWSj8LE6zoxD+xrjh4VfkIG8Ya6LvYkZqtUQGJPZjYl53ypCaUwWqo7eI0x66KBGeRo+mlBEkMSeSZ38Nw==
